github.com/SKatiyar/qr v0.0.0-20151201054752-25b6bdf44e67 h1:x98/gnpyNAiuvg/gX3KgdfKxnZj3t9pIl3BCVJg3qwg=
github.com/SKatiyar/qr v0.0.0-20151201054752-25b6bdf44e67/go.mod h1:g1VZ0nbzBvfsWw22gNVOxWxJxpBR+CBiFNK2n2ogeUo=
github.com/fumiyas/go-tty v0.0.0-20150716131912-7bee8b8caca1 h1:T85jYE6b7xLYBiTawFMSpR3nbB3i03O7zCVe8oLgqYw=
github.com/fumiyas/go-tty v0.0.0-20150716131912-7bee8b8caca1/go.mod h1:hnsKbncKU/f+LNE6eY7hUiK0X2PfqNkiMayS47LxkhQ=
github.com/fumiyas/qrc v0.1.1 h1:X3JqlYhb24+ZrBb5ZfO+tMFpoGIeoxESwLUwSR4NT6M=
github.com/fumiyas/qrc v0.1.1/go.mod h1:y9fOkkt4NCrtDtxlw2ornGi8eC+QpGcI03caJF194AQ=
github.com/jessevdk/go-flags v1.4.0 h1:4IU2WS7AumrZ/40jfhf4QVDMsQwqA7VEHozFRrGARJA=
github.com/jessevdk/go-flags v1.4.0/go.mod h1:4FA24M0QyGHXBuZZK/XkWh8h0e1EYbRYJSGM75WSRxI=
github.com/mattn/go-colorable v0.1.6 h1:6Su7aK7lXmJ/U79bYtBjLNaha4Fs1Rg9plHpcH+vvnE=
github.com/mattn/go-colorable v0.1.6/go.mod h1:u6P/XSegPjTcexA+o6vUJrdnUu04hMope9wVRipJSqc=
github.com/mattn/go-isatty v0.0.12 h1:wuysRhFDzyxgEmMf5xjvJ2M9dZoWAXNNr5LSBS7uHXY=
github.com/mattn/go-isatty v0.0.12/go.mod h1:cbi8OIDigv2wuxKPP5vlRcQ1OAZbq2CE4Kysco4FUpU=
github.com/mgutz/ansi v0.0.0-20170206155736-9520e82c474b h1:j7+1HpAFS1zy5+Q4qx1fWh90gTKwiN4QCGoY9TWyyO4=
github.com/mgutz/ansi v0.0.0-20170206155736-9520e82c474b/go.mod h1:01TrycV0kFyexm33Z7vhZRXopbI8J3TDReVlkTgMUxE=
github.com/qpliu/qrencode-go v0.0.0-20170225035013-ad8353b4581f h1:vBUSDjeBDi9l5rqWuBKtEzt5yxU1p0EkN0tpiKYuP5g=
github.com/qpliu/qrencode-go v0.0.0-20170225035013-ad8353b4581f/go.mod h1:FDXzD//kxkV8UZ6SnKHa2f9/x2QAKrSYeD2YnyPJY/s=
github.com/skatiyar/qr v0.0.0-20151201054752-25b6bdf44e67 h1:LxLmm+Z3lUZ8dUhuTEvG8aA0APfp5PngyzjMs0vr1nc=
github.com/skatiyar/qr v0.0.0-20151201054752-25b6bdf44e67/go.mod h1:qMPmH3OKV3DevCxa+T/I0BxDM1fkPjje1lHn+iCsrNA=
golang.org/x/sys v0.0.0-20200116001909-b77594299b42/go.mod h1:h1NjWce9XRLGQEsW7wpKNCjG9DtNlClVuFLEZdDNbEs=
golang.org/x/sys v0.0.0-20200223170610-d5e6a3e2c0ae h1:/WDfKMnPU+m5M4xB+6x4kaepxRw6jWvR5iDRdvjHgy8=
golang.org/x/sys v0.0.0-20200223170610-d5e6a3e2c0ae/go.mod h1:h1NjWce9XRLGQEsW7wpKNCjG9DtNlClVuFLEZdDNbEs=
